
Microsoft Visual Studio Solution File, Format Version 12.00
# Visual Studio Version 17
VisualStudioVersion = 17.5.002.0
MinimumVisualStudioVersion = 10.0.40219.1
Project("{9A19103F-16F7-4668-BE54-9A1E7A4F7556}") = "mtdeploy", "mtdeploy.csproj", "{D8450A74-24BC-4F26-A01F-418EF0D00139}"
EndProject
Global
	GlobalSection(SolutionConfigurationPlatforms) = preSolution
		Debug|Any CPU = Debug|Any CPU
		Release|Any CPU = Release|Any CPU
	EndGlobalSection
	GlobalSection(ProjectConfigurationPlatforms) = postSolution
		{D8450A74-24BC-4F26-A01F-418EF0D00139}.Debug|Any CPU.ActiveCfg = Debug|Any CPU
		{D8450A74-24BC-4F26-A01F-418EF0D00139}.Debug|Any CPU.Build.0 = Debug|Any CPU
		{D8450A74-24BC-4F26-A01F-418EF0D00139}.Release|Any CPU.ActiveCfg = Release|Any CPU
		{D8450A74-24BC-4F26-A01F-418EF0D00139}.Release|Any CPU.Build.0 = Release|Any CPU
	EndGlobalSection
	GlobalSection(SolutionProperties) = preSolution
		HideSolutionNode = FALSE
	EndGlobalSection
	GlobalSection(ExtensibilityGlobals) = postSolution
		SolutionGuid = {BC0E23E4-0E6E-4260-B40D-4265922BA454}
	EndGlobalSection
EndGlobal
